{
  "name": "IceCMS-Pro",
  "lockfileVersion": 3,
  "requires": true,
  "packages": {
    "": {
      "dependencies": {
        "pnpm": "^8.13.1"
      }
    },
    "node_modules/pnpm": {
      "version": "8.13.1",
      "resolved": "https://registry.npmjs.org/pnpm/-/pnpm-8.13.1.tgz",
      "integrity": "sha512-dYvrxpictkYsUTgSmEAZOxDCWN3NsKtD7g753Yd4S8IY1uQctb7qw2K4zjPx+LCAJbWZkzwLzoIFCpo2uEdNQw==",
      "bin": {
        "pnpm": "bin/pnpm.cjs",
        "pnpx": "bin/pnpx.cjs"
      },
      "engines": {
        "node": ">=16.14"
      },
      "funding": {
        "url": "https://opencollective.com/pnpm"
      }
    }
  }
}
